
Microsoft Visual Studio Solution File, Format Version 12.00
# Visual Studio 14
VisualStudioVersion = 14.0.25420.1
MinimumVisualStudioVersion = 10.0.40219.1
Project("{FAE04EC0-301F-11D3-BF4B-00C04F79EFBC}") = "TrainRightMVC", "TrainRightMVC\TrainRightMVC.csproj", "{F360C111-4C33-45A7-8347-9470AB94D607}"
EndProject
Project("{FAE04EC0-301F-11D3-BF4B-00C04F79EFBC}") = "TrainRightMVCommon", "TrainRightMVCommon\TrainRightMVCommon.csproj", "{CA932BD4-4489-4E3C-BCAB-89D886383317}"
EndProject
Project("{FAE04EC0-301F-11D3-BF4B-00C04F79EFBC}") = "TrainRightMobile.Core", "TrainRightMobile.Core\TrainRightMobile.Core.csproj", "{6BA5AD3D-C3E4-48B1-ABC9-2A4B0C88F4E3}"
EndProject
Project("{FAE04EC0-301F-11D3-BF4B-00C04F79EFBC}") = "TrainRightMobile.Droid", "TrainRightMobile.Droid\TrainRightMobile.Droid.csproj", "{1B6D045B-1F4F-49B5-AFBB-E4C821FB58D7}"
EndProject
Project("{FAE04EC0-301F-11D3-BF4B-00C04F79EFBC}") = "TrainRightMobile.iOS", "TrainRightMobile.iOS\TrainRightMobile.iOS.csproj", "{658C8B5B-BCAC-4633-93BD-3540B2DC27ED}"
EndProject
Global
	GlobalSection(SolutionConfigurationPlatforms) = preSolution
		Ad-Hoc|Any CPU = Ad-Hoc|Any CPU
		Ad-Hoc|iPhone = Ad-Hoc|iPhone
		Ad-Hoc|iPhoneSimulator = Ad-Hoc|iPhoneSimulator
		AppStore|Any CPU = AppStore|Any CPU
		AppStore|iPhone = AppStore|iPhone
		AppStore|iPhoneSimulator = AppStore|iPhoneSimulator
		Debug|Any CPU = Debug|Any CPU
		Debug|iPhone = Debug|iPhone
		Debug|iPhoneSimulator = Debug|iPhoneSimulator
		Release|Any CPU = Release|Any CPU
		Release|iPhone = Release|iPhone
		Release|iPhoneSimulator = Release|iPhoneSimulator
	EndGlobalSection
	GlobalSection(ProjectConfigurationPlatforms) = postSolution
		{F360C111-4C33-45A7-8347-9470AB94D607}.Ad-Hoc|Any CPU.ActiveCfg = Release|Any CPU
		{F360C111-4C33-45A7-8347-9470AB94D607}.Ad-Hoc|Any CPU.Build.0 = Release|Any CPU
		{F360C111-4C33-45A7-8347-9470AB94D607}.Ad-Hoc|iPhone.ActiveCfg = Release|Any CPU
		{F360C111-4C33-45A7-8347-9470AB94D607}.Ad-Hoc|iPhone.Build.0 = Release|Any CPU
		{F360C111-4C33-45A7-8347-9470AB94D607}.Ad-Hoc|iPhoneSimulator.ActiveCfg = Release|Any CPU
		{F360C111-4C33-45A7-8347-9470AB94D607}.Ad-Hoc|iPhoneSimulator.Build.0 = Release|Any CPU
		{F360C111-4C33-45A7-8347-9470AB94D607}.AppStore|Any CPU.ActiveCfg = Release|Any CPU
		{F360C111-4C33-45A7-8347-9470AB94D607}.AppStore|Any CPU.Build.0 = Release|Any CPU
		{F360C111-4C33-45A7-8347-9470AB94D607}.AppStore|iPhone.ActiveCfg = Release|Any CPU
		{F360C111-4C33-45A7-8347-9470AB94D607}.AppStore|iPhone.Build.0 = Release|Any CPU
		{F360C111-4C33-45A7-8347-9470AB94D607}.AppStore|iPhoneSimulator.ActiveCfg = Release|Any CPU
		{F360C111-4C33-45A7-8347-9470AB94D607}.AppStore|iPhoneSimulator.Build.0 = Release|Any CPU
		{F360C111-4C33-45A7-8347-9470AB94D607}.Debug|Any CPU.ActiveCfg = Debug|Any CPU
		{F360C111-4C33-45A7-8347-9470AB94D607}.Debug|Any CPU.Build.0 = Debug|Any CPU
		{F360C111-4C33-45A7-8347-9470AB94D607}.Debug|iPhone.ActiveCfg = Debug|Any CPU
		{F360C111-4C33-45A7-8347-9470AB94D607}.Debug|iPhone.Build.0 = Debug|Any CPU
		{F360C111-4C33-45A7-8347-9470AB94D607}.Debug|iPhoneSimulator.ActiveCfg = Debug|Any CPU
		{F360C111-4C33-45A7-8347-9470AB94D607}.Debug|iPhoneSimulator.Build.0 = Debug|Any CPU
		{F360C111-4C33-45A7-8347-9470AB94D607}.Release|Any CPU.ActiveCfg = Release|Any CPU
		{F360C111-4C33-45A7-8347-9470AB94D607}.Release|Any CPU.Build.0 = Release|Any CPU
		{F360C111-4C33-45A7-8347-9470AB94D607}.Release|iPhone.ActiveCfg = Release|Any CPU
		{F360C111-4C33-45A7-8347-9470AB94D607}.Release|iPhone.Build.0 = Release|Any CPU
		{F360C111-4C33-45A7-8347-9470AB94D607}.Release|iPhoneSimulator.ActiveCfg = Release|Any CPU
		{F360C111-4C33-45A7-8347-9470AB94D607}.Release|iPhoneSimulator.Build.0 = Release|Any CPU
		{CA932BD4-4489-4E3C-BCAB-89D886383317}.Ad-Hoc|Any CPU.ActiveCfg = Release|Any CPU
		{CA932BD4-4489-4E3C-BCAB-89D886383317}.Ad-Hoc|Any CPU.Build.0 = Release|Any CPU
		{CA932BD4-4489-4E3C-BCAB-89D886383317}.Ad-Hoc|iPhone.ActiveCfg = Release|Any CPU
		{CA932BD4-4489-4E3C-BCAB-89D886383317}.Ad-Hoc|iPhone.Build.0 = Release|Any CPU
		{CA932BD4-4489-4E3C-BCAB-89D886383317}.Ad-Hoc|iPhoneSimulator.ActiveCfg = Release|Any CPU
		{CA932BD4-4489-4E3C-BCAB-89D886383317}.Ad-Hoc|iPhoneSimulator.Build.0 = Release|Any CPU
		{CA932BD4-4489-4E3C-BCAB-89D886383317}.AppStore|Any CPU.ActiveCfg = Release|Any CPU
		{CA932BD4-4489-4E3C-BCAB-89D886383317}.AppStore|Any CPU.Build.0 = Release|Any CPU
		{CA932BD4-4489-4E3C-BCAB-89D886383317}.AppStore|iPhone.ActiveCfg = Release|Any CPU
		{CA932BD4-4489-4E3C-BCAB-89D886383317}.AppStore|iPhone.Build.0 = Release|Any CPU
		{CA932BD4-4489-4E3C-BCAB-89D886383317}.AppStore|iPhoneSimulator.ActiveCfg = Release|Any CPU
		{CA932BD4-4489-4E3C-BCAB-89D886383317}.AppStore|iPhoneSimulator.Build.0 = Release|Any CPU
		{CA932BD4-4489-4E3C-BCAB-89D886383317}.Debug|Any CPU.ActiveCfg = Debug|Any CPU
		{CA932BD4-4489-4E3C-BCAB-89D886383317}.Debug|Any CPU.Build.0 = Debug|Any CPU
		{CA932BD4-4489-4E3C-BCAB-89D886383317}.Debug|iPhone.ActiveCfg = Debug|Any CPU
		{CA932BD4-4489-4E3C-BCAB-89D886383317}.Debug|iPhone.Build.0 = Debug|Any CPU
		{CA932BD4-4489-4E3C-BCAB-89D886383317}.Debug|iPhoneSimulator.ActiveCfg = Debug|Any CPU
		{CA932BD4-4489-4E3C-BCAB-89D886383317}.Debug|iPhoneSimulator.Build.0 = Debug|Any CPU
		{CA932BD4-4489-4E3C-BCAB-89D886383317}.Release|Any CPU.ActiveCfg = Release|Any CPU
		{CA932BD4-4489-4E3C-BCAB-89D886383317}.Release|Any CPU.Build.0 = Release|Any CPU
		{CA932BD4-4489-4E3C-BCAB-89D886383317}.Release|iPhone.ActiveCfg = Release|Any CPU
		{CA932BD4-4489-4E3C-BCAB-89D886383317}.Release|iPhone.Build.0 = Release|Any CPU
		{CA932BD4-4489-4E3C-BCAB-89D886383317}.Release|iPhoneSimulator.ActiveCfg = Release|Any CPU
		{CA932BD4-4489-4E3C-BCAB-89D886383317}.Release|iPhoneSimulator.Build.0 = Release|Any CPU
		{6BA5AD3D-C3E4-48B1-ABC9-2A4B0C88F4E3}.Ad-Hoc|Any CPU.ActiveCfg = Release|Any CPU
		{6BA5AD3D-C3E4-48B1-ABC9-2A4B0C88F4E3}.Ad-Hoc|Any CPU.Build.0 = Release|Any CPU
		{6BA5AD3D-C3E4-48B1-ABC9-2A4B0C88F4E3}.Ad-Hoc|iPhone.ActiveCfg = Release|Any CPU
		{6BA5AD3D-C3E4-48B1-ABC9-2A4B0C88F4E3}.Ad-Hoc|iPhone.Build.0 = Release|Any CPU
		{6BA5AD3D-C3E4-48B1-ABC9-2A4B0C88F4E3}.Ad-Hoc|iPhoneSimulator.ActiveCfg = Release|Any CPU
		{6BA5AD3D-C3E4-48B1-ABC9-2A4B0C88F4E3}.Ad-Hoc|iPhoneSimulator.Build.0 = Release|Any CPU
		{6BA5AD3D-C3E4-48B1-ABC9-2A4B0C88F4E3}.AppStore|Any CPU.ActiveCfg = Release|Any CPU
		{6BA5AD3D-C3E4-48B1-ABC9-2A4B0C88F4E3}.AppStore|Any CPU.Build.0 = Release|Any CPU
		{6BA5AD3D-C3E4-48B1-ABC9-2A4B0C88F4E3}.AppStore|iPhone.ActiveCfg = Release|Any CPU
		{6BA5AD3D-C3E4-48B1-ABC9-2A4B0C88F4E3}.AppStore|iPhone.Build.0 = Release|Any CPU
		{6BA5AD3D-C3E4-48B1-ABC9-2A4B0C88F4E3}.AppStore|iPhoneSimulator.ActiveCfg = Release|Any CPU
		{6BA5AD3D-C3E4-48B1-ABC9-2A4B0C88F4E3}.AppStore|iPhoneSimulator.Build.0 = Release|Any CPU
		{6BA5AD3D-C3E4-48B1-ABC9-2A4B0C88F4E3}.Debug|Any CPU.ActiveCfg = Debug|Any CPU
		{6BA5AD3D-C3E4-48B1-ABC9-2A4B0C88F4E3}.Debug|Any CPU.Build.0 = Debug|Any CPU
		{6BA5AD3D-C3E4-48B1-ABC9-2A4B0C88F4E3}.Debug|iPhone.ActiveCfg = Debug|Any CPU
		{6BA5AD3D-C3E4-48B1-ABC9-2A4B0C88F4E3}.Debug|iPhone.Build.0 = Debug|Any CPU
		{6BA5AD3D-C3E4-48B1-ABC9-2A4B0C88F4E3}.Debug|iPhoneSimulator.ActiveCfg = Debug|Any CPU
		{6BA5AD3D-C3E4-48B1-ABC9-2A4B0C88F4E3}.Debug|iPhoneSimulator.Build.0 = Debug|Any CPU
		{6BA5AD3D-C3E4-48B1-ABC9-2A4B0C88F4E3}.Release|Any CPU.ActiveCfg = Release|Any CPU
		{6BA5AD3D-C3E4-48B1-ABC9-2A4B0C88F4E3}.Release|Any CPU.Build.0 = Release|Any CPU
		{6BA5AD3D-C3E4-48B1-ABC9-2A4B0C88F4E3}.Release|iPhone.ActiveCfg = Release|Any CPU
		{6BA5AD3D-C3E4-48B1-ABC9-2A4B0C88F4E3}.Release|iPhone.Build.0 = Release|Any CPU
		{6BA5AD3D-C3E4-48B1-ABC9-2A4B0C88F4E3}.Release|iPhoneSimulator.ActiveCfg = Release|Any CPU
		{6BA5AD3D-C3E4-48B1-ABC9-2A4B0C88F4E3}.Release|iPhoneSimulator.Build.0 = Release|Any CPU
		{1B6D045B-1F4F-49B5-AFBB-E4C821FB58D7}.Ad-Hoc|Any CPU.ActiveCfg = Release|Any CPU
		{1B6D045B-1F4F-49B5-AFBB-E4C821FB58D7}.Ad-Hoc|Any CPU.Build.0 = Release|Any CPU
		{1B6D045B-1F4F-49B5-AFBB-E4C821FB58D7}.Ad-Hoc|Any CPU.Deploy.0 = Release|Any CPU
		{1B6D045B-1F4F-49B5-AFBB-E4C821FB58D7}.Ad-Hoc|iPhone.ActiveCfg = Release|Any CPU
		{1B6D045B-1F4F-49B5-AFBB-E4C821FB58D7}.Ad-Hoc|iPhone.Build.0 = Release|Any CPU
		{1B6D045B-1F4F-49B5-AFBB-E4C821FB58D7}.Ad-Hoc|iPhone.Deploy.0 = Release|Any CPU
		{1B6D045B-1F4F-49B5-AFBB-E4C821FB58D7}.Ad-Hoc|iPhoneSimulator.ActiveCfg = Release|Any CPU
		{1B6D045B-1F4F-49B5-AFBB-E4C821FB58D7}.Ad-Hoc|iPhoneSimulator.Build.0 = Release|Any CPU
		{1B6D045B-1F4F-49B5-AFBB-E4C821FB58D7}.Ad-Hoc|iPhoneSimulator.Deploy.0 = Release|Any CPU
		{1B6D045B-1F4F-49B5-AFBB-E4C821FB58D7}.AppStore|Any CPU.ActiveCfg = Release|Any CPU
		{1B6D045B-1F4F-49B5-AFBB-E4C821FB58D7}.AppStore|Any CPU.Build.0 = Release|Any CPU
		{1B6D045B-1F4F-49B5-AFBB-E4C821FB58D7}.AppStore|Any CPU.Deploy.0 = Release|Any CPU
		{1B6D045B-1F4F-49B5-AFBB-E4C821FB58D7}.AppStore|iPhone.ActiveCfg = Release|Any CPU
		{1B6D045B-1F4F-49B5-AFBB-E4C821FB58D7}.AppStore|iPhone.Build.0 = Release|Any CPU
		{1B6D045B-1F4F-49B5-AFBB-E4C821FB58D7}.AppStore|iPhone.Deploy.0 = Release|Any CPU
		{1B6D045B-1F4F-49B5-AFBB-E4C821FB58D7}.AppStore|iPhoneSimulator.ActiveCfg = Release|Any CPU
		{1B6D045B-1F4F-49B5-AFBB-E4C821FB58D7}.AppStore|iPhoneSimulator.Build.0 = Release|Any CPU
		{1B6D045B-1F4F-49B5-AFBB-E4C821FB58D7}.AppStore|iPhoneSimulator.Deploy.0 = Release|Any CPU
		{1B6D045B-1F4F-49B5-AFBB-E4C821FB58D7}.Debug|Any CPU.ActiveCfg = Debug|Any CPU
		{1B6D045B-1F4F-49B5-AFBB-E4C821FB58D7}.Debug|Any CPU.Build.0 = Debug|Any CPU
		{1B6D045B-1F4F-49B5-AFBB-E4C821FB58D7}.Debug|Any CPU.Deploy.0 = Debug|Any CPU
		{1B6D045B-1F4F-49B5-AFBB-E4C821FB58D7}.Debug|iPhone.ActiveCfg = Debug|Any CPU
		{1B6D045B-1F4F-49B5-AFBB-E4C821FB58D7}.Debug|iPhone.Build.0 = Debug|Any CPU
		{1B6D045B-1F4F-49B5-AFBB-E4C821FB58D7}.Debug|iPhone.Deploy.0 = Debug|Any CPU
		{1B6D045B-1F4F-49B5-AFBB-E4C821FB58D7}.Debug|iPhoneSimulator.ActiveCfg = Debug|Any CPU
		{1B6D045B-1F4F-49B5-AFBB-E4C821FB58D7}.Debug|iPhoneSimulator.Build.0 = Debug|Any CPU
		{1B6D045B-1F4F-49B5-AFBB-E4C821FB58D7}.Debug|iPhoneSimulator.Deploy.0 = Debug|Any CPU
		{1B6D045B-1F4F-49B5-AFBB-E4C821FB58D7}.Release|Any CPU.ActiveCfg = Release|Any CPU
		{1B6D045B-1F4F-49B5-AFBB-E4C821FB58D7}.Release|Any CPU.Build.0 = Release|Any CPU
		{1B6D045B-1F4F-49B5-AFBB-E4C821FB58D7}.Release|Any CPU.Deploy.0 = Release|Any CPU
		{1B6D045B-1F4F-49B5-AFBB-E4C821FB58D7}.Release|iPhone.ActiveCfg = Release|Any CPU
		{1B6D045B-1F4F-49B5-AFBB-E4C821FB58D7}.Release|iPhone.Build.0 = Release|Any CPU
		{1B6D045B-1F4F-49B5-AFBB-E4C821FB58D7}.Release|iPhone.Deploy.0 = Release|Any CPU
		{1B6D045B-1F4F-49B5-AFBB-E4C821FB58D7}.Release|iPhoneSimulator.ActiveCfg = Release|Any CPU
		{1B6D045B-1F4F-49B5-AFBB-E4C821FB58D7}.Release|iPhoneSimulator.Build.0 = Release|Any CPU
		{1B6D045B-1F4F-49B5-AFBB-E4C821FB58D7}.Release|iPhoneSimulator.Deploy.0 = Release|Any CPU
		{658C8B5B-BCAC-4633-93BD-3540B2DC27ED}.Ad-Hoc|Any CPU.ActiveCfg = Ad-Hoc|iPhone
		{658C8B5B-BCAC-4633-93BD-3540B2DC27ED}.Ad-Hoc|iPhone.ActiveCfg = Ad-Hoc|iPhone
		{658C8B5B-BCAC-4633-93BD-3540B2DC27ED}.Ad-Hoc|iPhone.Build.0 = Ad-Hoc|iPhone
		{658C8B5B-BCAC-4633-93BD-3540B2DC27ED}.Ad-Hoc|iPhoneSimulator.ActiveCfg = Ad-Hoc|iPhoneSimulator
		{658C8B5B-BCAC-4633-93BD-3540B2DC27ED}.Ad-Hoc|iPhoneSimulator.Build.0 = Ad-Hoc|iPhoneSimulator
		{658C8B5B-BCAC-4633-93BD-3540B2DC27ED}.AppStore|Any CPU.ActiveCfg = AppStore|iPhone
		{658C8B5B-BCAC-4633-93BD-3540B2DC27ED}.AppStore|iPhone.ActiveCfg = AppStore|iPhone
		{658C8B5B-BCAC-4633-93BD-3540B2DC27ED}.AppStore|iPhone.Build.0 = AppStore|iPhone
		{658C8B5B-BCAC-4633-93BD-3540B2DC27ED}.AppStore|iPhoneSimulator.ActiveCfg = AppStore|iPhoneSimulator
		{658C8B5B-BCAC-4633-93BD-3540B2DC27ED}.AppStore|iPhoneSimulator.Build.0 = AppStore|iPhoneSimulator
		{658C8B5B-BCAC-4633-93BD-3540B2DC27ED}.Debug|Any CPU.ActiveCfg = Debug|iPhone
		{658C8B5B-BCAC-4633-93BD-3540B2DC27ED}.Debug|iPhone.ActiveCfg = Debug|iPhone
		{658C8B5B-BCAC-4633-93BD-3540B2DC27ED}.Debug|iPhone.Build.0 = Debug|iPhone
		{658C8B5B-BCAC-4633-93BD-3540B2DC27ED}.Debug|iPhoneSimulator.ActiveCfg = Debug|iPhoneSimulator
		{658C8B5B-BCAC-4633-93BD-3540B2DC27ED}.Debug|iPhoneSimulator.Build.0 = Debug|iPhoneSimulator
		{658C8B5B-BCAC-4633-93BD-3540B2DC27ED}.Release|Any CPU.ActiveCfg = Release|iPhone
		{658C8B5B-BCAC-4633-93BD-3540B2DC27ED}.Release|iPhone.ActiveCfg = Release|iPhone
		{658C8B5B-BCAC-4633-93BD-3540B2DC27ED}.Release|iPhone.Build.0 = Release|iPhone
		{658C8B5B-BCAC-4633-93BD-3540B2DC27ED}.Release|iPhoneSimulator.ActiveCfg = Release|iPhoneSimulator
		{658C8B5B-BCAC-4633-93BD-3540B2DC27ED}.Release|iPhoneSimulator.Build.0 = Release|iPhoneSimulator
	EndGlobalSection
	GlobalSection(SolutionProperties) = preSolution
		HideSolutionNode = FALSE
	EndGlobalSection
EndGlobal
